
Microsoft Visual Studio Solution File, Format Version 12.00
# Visual Studio Version 17
VisualStudioVersion = 17.3.32929.385
MinimumVisualStudioVersion = 10.0.40219.1
Project("{9A19103F-16F7-4668-BE54-9A1E7A4F7556}") = "BlogLabWeb", "BlogLabWeb\BlogLabWeb.csproj", "{54A51BFF-A911-441F-B855-C20FFB1B413C}"
EndProject
Project("{9A19103F-16F7-4668-BE54-9A1E7A4F7556}") = "BlogLab.Models", "BlogLab.Models\BlogLab.Models.csproj", "{39BB597B-4148-4854-BFDE-813D857B83AD}"
EndProject
Project("{9A19103F-16F7-4668-BE54-9A1E7A4F7556}") = "BlogLabWeb.Repository", "BlogLabWeb.Repository\BlogLabWeb.Repository.csproj", "{27977DA5-A6F0-4643-A5B0-E17676A71669}"
EndProject
Project("{FAE04EC0-301F-11D3-BF4B-00C04F79EFBC}") = "BlogLab.Identity", "BlogLab.Identity\BlogLab.Identity.csproj", "{A5591176-B1DA-46EF-9371-4ABF67506ABF}"
EndProject
Global
	GlobalSection(SolutionConfigurationPlatforms) = preSolution
		Debug|Any CPU = Debug|Any CPU
		Release|Any CPU = Release|Any CPU
	EndGlobalSection
	GlobalSection(ProjectConfigurationPlatforms) = postSolution
		{54A51BFF-A911-441F-B855-C20FFB1B413C}.Debug|Any CPU.ActiveCfg = Debug|Any CPU
		{54A51BFF-A911-441F-B855-C20FFB1B413C}.Debug|Any CPU.Build.0 = Debug|Any CPU
		{54A51BFF-A911-441F-B855-C20FFB1B413C}.Release|Any CPU.ActiveCfg = Release|Any CPU
		{54A51BFF-A911-441F-B855-C20FFB1B413C}.Release|Any CPU.Build.0 = Release|Any CPU
		{39BB597B-4148-4854-BFDE-813D857B83AD}.Debug|Any CPU.ActiveCfg = Debug|Any CPU
		{39BB597B-4148-4854-BFDE-813D857B83AD}.Debug|Any CPU.Build.0 = Debug|Any CPU
		{39BB597B-4148-4854-BFDE-813D857B83AD}.Release|Any CPU.ActiveCfg = Release|Any CPU
		{39BB597B-4148-4854-BFDE-813D857B83AD}.Release|Any CPU.Build.0 = Release|Any CPU
		{27977DA5-A6F0-4643-A5B0-E17676A71669}.Debug|Any CPU.ActiveCfg = Debug|Any CPU
		{27977DA5-A6F0-4643-A5B0-E17676A71669}.Debug|Any CPU.Build.0 = Debug|Any CPU
		{27977DA5-A6F0-4643-A5B0-E17676A71669}.Release|Any CPU.ActiveCfg = Release|Any CPU
		{27977DA5-A6F0-4643-A5B0-E17676A71669}.Release|Any CPU.Build.0 = Release|Any CPU
		{A5591176-B1DA-46EF-9371-4ABF67506ABF}.Debug|Any CPU.ActiveCfg = Debug|Any CPU
		{A5591176-B1DA-46EF-9371-4ABF67506ABF}.Debug|Any CPU.Build.0 = Debug|Any CPU
		{A5591176-B1DA-46EF-9371-4ABF67506ABF}.Release|Any CPU.ActiveCfg = Release|Any CPU
		{A5591176-B1DA-46EF-9371-4ABF67506ABF}.Release|Any CPU.Build.0 = Release|Any CPU
	EndGlobalSection
	GlobalSection(SolutionProperties) = preSolution
		HideSolutionNode = FALSE
	EndGlobalSection
	GlobalSection(ExtensibilityGlobals) = postSolution
		SolutionGuid = {ADE4C9A8-F32A-4A12-A91B-CA947DB49F93}
	EndGlobalSection
EndGlobal
